
Microsoft Visual Studio Solution File, Format Version 12.00
# Visual Studio 2013
VisualStudioVersion = 12.0.21005.1
MinimumVisualStudioVersion = 10.0.40219.1
Project("{FAE04EC0-301F-11D3-BF4B-00C04F79EFBC}") = "TTLib", "TTLib\TTLib.csproj", "{9EF58849-BA9F-4646-A3A0-DCD0A68EADDE}"
EndProject
Project("{FAE04EC0-301F-11D3-BF4B-00C04F79EFBC}") = "TTWindows", "TTWindows\TTWindows.csproj", "{6D972EDF-0836-4A70-96D0-35605EF648E4}"
	ProjectSection(ProjectDependencies) = postProject
		{9EF58849-BA9F-4646-A3A0-DCD0A68EADDE} = {9EF58849-BA9F-4646-A3A0-DCD0A68EADDE}
	EndProjectSection
EndProject
Project("{FAE04EC0-301F-11D3-BF4B-00C04F79EFBC}") = "GIRLib", "GIRLib\GIRLib.csproj", "{10FD67EA-B493-4B8B-95D0-79B3F49DA4DF}"
EndProject
Global
	GlobalSection(SolutionConfigurationPlatforms) = preSolution
		Debug|Any CPU = Debug|Any CPU
		Release|Any CPU = Release|Any CPU
	EndGlobalSection
	GlobalSection(ProjectConfigurationPlatforms) = postSolution
		{9EF58849-BA9F-4646-A3A0-DCD0A68EADDE}.Debug|Any CPU.ActiveCfg = Debug|Any CPU
		{9EF58849-BA9F-4646-A3A0-DCD0A68EADDE}.Debug|Any CPU.Build.0 = Debug|Any CPU
		{9EF58849-BA9F-4646-A3A0-DCD0A68EADDE}.Release|Any CPU.ActiveCfg = Release|Any CPU
		{9EF58849-BA9F-4646-A3A0-DCD0A68EADDE}.Release|Any CPU.Build.0 = Release|Any CPU
		{6D972EDF-0836-4A70-96D0-35605EF648E4}.Debug|Any CPU.ActiveCfg = Debug|Any CPU
		{6D972EDF-0836-4A70-96D0-35605EF648E4}.Debug|Any CPU.Build.0 = Debug|Any CPU
		{6D972EDF-0836-4A70-96D0-35605EF648E4}.Release|Any CPU.ActiveCfg = Release|Any CPU
		{6D972EDF-0836-4A70-96D0-35605EF648E4}.Release|Any CPU.Build.0 = Release|Any CPU
		{10FD67EA-B493-4B8B-95D0-79B3F49DA4DF}.Debug|Any CPU.ActiveCfg = Debug|Any CPU
		{10FD67EA-B493-4B8B-95D0-79B3F49DA4DF}.Debug|Any CPU.Build.0 = Debug|Any CPU
		{10FD67EA-B493-4B8B-95D0-79B3F49DA4DF}.Release|Any CPU.ActiveCfg = Release|Any CPU
		{10FD67EA-B493-4B8B-95D0-79B3F49DA4DF}.Release|Any CPU.Build.0 = Release|Any CPU
	EndGlobalSection
	GlobalSection(SolutionProperties) = preSolution
		HideSolutionNode = FALSE
	EndGlobalSection
EndGlobal
